// !$*UTF8*$!
{
	archiveVersion = 1;
	classes = {
	};
	objectVersion = 48;
	objects = {

/* Begin PBXBuildFile section */
		A5CFEE732004563100FFDFE4 /* AppDelegate.swift in Sources */ = {isa = PBXBuildFile; fileRef = A5CFEE722004563100FFDFE4 /* AppDelegate.swift */; };
		A5CFEE752004563100FFDFE4 /* ViewController.swift in Sources */ = {isa = PBXBuildFile; fileRef = A5CFEE742004563100FFDFE4 /* ViewController.swift */; };
		A5CFEE782004563100FFDFE4 /* Main.storyboard in Resources */ = {isa = PBXBuildFile; fileRef = A5CFEE762004563100FFDFE4 /* Main.storyboard */; };
		A5CFEE7A2004563100FFDFE4 /* Assets.xcassets in Resources */ = {isa = PBXBuildFile; fileRef = A5CFEE792004563100FFDFE4 /* Assets.xcassets */; };
		A5CFEE7D2004563100FFDFE4 /* LaunchScreen.storyboard in Resources */ = {isa = PBXBuildFile; fileRef = A5CFEE7B2004563100FFDFE4 /* LaunchScreen.storyboard */; };
		A5CFEE892004603100FFDFE4 /* WebsiteView.swift in Sources */ = {isa = PBXBuildFile; fileRef = A5CFEE882004603100FFDFE4 /* WebsiteView.swift */; };
/* End PBXBuildFile section */

/* Begin PBXFileReference section */
		A5CFEE6F2004563100FFDFE4 /* Project 4 - Easy Web HW.app */ = {isa = PBXFileReference; explicitFileType = wrapper.application; includeInIndex = 0; path = "Project 4 - Easy Web HW.app"; sourceTree = BUILT_PRODUCTS_DIR; };
		A5CFEE722004563100FFDFE4 /* AppDelegate.swift */ = {isa = PBXFileReference; lastKnownFileType = sourcecode.swift; path = AppDelegate.swift; sourceTree = "<group>"; };
		A5CFEE742004563100FFDFE4 /* ViewController.swift */ = {isa = PBXFileReference; lastKnownFileType = sourcecode.swift; path = ViewController.swift; sourceTree = "<group>"; };
		A5CFEE772004563100FFDFE4 /* Base */ = {isa = PBXFileReference; lastKnownFileType = file.storyboard; name = Base; path = Base.lproj/Main.storyboard; sourceTree = "<group>"; };
		A5CFEE792004563100FFDFE4 /* Assets.xcassets */ = {isa = PBXFileReference; lastKnownFileType = folder.assetcatalog; path = Assets.xcassets; sourceTree = "<group>"; };
		A5CFEE7C2004563100FFDFE4 /* Base */ = {isa = PBXFileReference; lastKnownFileType = file.storyboard; name = Base; path = Base.lproj/LaunchScreen.storyboard; sourceTree = "<group>"; };
		A5CFEE7E2004563100FFDFE4 /* Info.plist */ = {isa = PBXFileReference; lastKnownFileType = text.plist.xml; path = Info.plist; sourceTree = "<group>"; };
		A5CFEE882004603100FFDFE4 /* WebsiteView.swift */ = {isa = PBXFileReference; lastKnownFileType = sourcecode.swift; path = WebsiteView.swift; sourceTree = "<group>"; };
/* End PBXFileReference section */

/* Begin PBXFrameworksBuildPhase section */
		A5CFEE6C2004563100FFDFE4 /* Frameworks */ = {
			isa = PBXFrameworksBuildPhase;
			buildActionMask = 2147483647;
			files = (
			);
			runOnlyForDeploymentPostprocessing = 0;
		};
/* End PBXFrameworksBuildPhase section */

/* Begin PBXGroup section */
		A5CFEE662004563000FFDFE4 = {
			isa = PBXGroup;
			children = (
				A5CFEE712004563100FFDFE4 /* Project 4 - Easy Web HW */,
				A5CFEE702004563100FFDFE4 /* Products */,
			);
			sourceTree = "<group>";
		};
		A5CFEE702004563100FFDFE4 /* Products */ = {
			isa = PBXGroup;
			children = (
				A5CFEE6F2004563100FFDFE4 /* Project 4 - Easy Web HW.app */,
			);
			name = Products;
			sourceTree = "<group>";
		};
		A5CFEE712004563100FFDFE4 /* Project 4 - Easy Web HW */ = {
			isa = PBXGroup;
			children = (
				A5CFEE722004563100FFDFE4 /* AppDelegate.swift */,
				A5CFEE742004563100FFDFE4 /* ViewController.swift */,
				A5CFEE882004603100FFDFE4 /* WebsiteView.swift */,
				A5CFEE762004563100FFDFE4 /* Main.storyboard */,
				A5CFEE792004563100FFDFE4 /* Assets.xcassets */,
				A5CFEE7B2004563100FFDFE4 /* LaunchScreen.storyboard */,
				A5CFEE7E2004563100FFDFE4 /* Info.plist */,
			);
			path = "Project 4 - Easy Web HW";
			sourceTree = "<group>";
		};
/* End PBXGroup section */

/* Begin PBXNativeTarget section */
		A5CFEE6E2004563100FFDFE4 /* Project 4 - Easy Web HW */ = {
			isa = PBXNativeTarget;
			buildConfigurationList = A5CFEE812004563100FFDFE4 /* Build configuration list for PBXNativeTarget "Project 4 - Easy Web HW" */;
			buildPhases = (
				A5CFEE6B2004563100FFDFE4 /* Sources */,
				A5CFEE6C2004563100FFDFE4 /* Frameworks */,
				A5CFEE6D2004563100FFDFE4 /* Resources */,
			);
			buildRules = (
			);
			dependencies = (
			);
			name = "Project 4 - Easy Web HW";
			productName = "Project 4 - Easy Web HW";
			productReference = A5CFEE6F2004563100FFDFE4 /* Project 4 - Easy Web HW.app */;
			productType = "com.apple.product-type.application";
		};
/* End PBXNativeTarget section */

/* Begin PBXProject section */
		A5CFEE672004563000FFDFE4 /* Project object */ = {
			isa = PBXProject;
			attributes = {
				LastSwiftUpdateCheck = 0920;
				LastUpgradeCheck = 0920;
				ORGANIZATIONNAME = "Sammy Eang";
				TargetAttributes = {
					A5CFEE6E2004563100FFDFE4 = {
						CreatedOnToolsVersion = 9.2;
						ProvisioningStyle = Automatic;
					};
				};
			};
			buildConfigurationList = A5CFEE6A2004563000FFDFE4 /* Build configuration list for PBXProject "Project 4 - Easy Web HW" */;
			compatibilityVersion = "Xcode 8.0";
			developmentRegion = en;
			hasScannedForEncodings = 0;
			knownRegions = (
				en,
				Base,
			);
			mainGroup = A5CFEE662004563000FFDFE4;
			productRefGroup = A5CFEE702004563100FFDFE4 /* Products */;
			projectDirPath = "";
			projectRoot = "";
			targets = (
				A5CFEE6E2004563100FFDFE4 /* Project 4 - Easy Web HW */,
			);
		};
/* End PBXProject section */

/* Begin PBXResourcesBuildPhase section */
		A5CFEE6D2004563100FFDFE4 /* Resources */ = {
			isa = PBXResourcesBuildPhase;
			buildActionMask = 2147483647;
			files = (
				A5CFEE7D2004563100FFDFE4 /* LaunchScreen.storyboard in Resources */,
				A5CFEE7A2004563100FFDFE4 /* Assets.xcassets in Resources */,
				A5CFEE782004563100FFDFE4 /* Main.storyboard in Resources */,
			);
			runOnlyForDeploymentPostprocessing = 0;
		};
/* End PBXResourcesBuildPhase section */

/* Begin PBXSourcesBuildPhase section */
		A5CFEE6B2004563100FFDFE4 /* Sources */ = {
			isa = PBXSourcesBuildPhase;
			buildActionMask = 2147483647;
			files = (
				A5CFEE752004563100FFDFE4 /* ViewController.swift in Sources */,
				A5CFEE892004603100FFDFE4 /* WebsiteView.swift in Sources */,
				A5CFEE732004563100FFDFE4 /* AppDelegate.swift in Sources */,
			);
			runOnlyForDeploymentPostprocessing = 0;
		};
/* End PBXSourcesBuildPhase section */

/* Begin PBXVariantGroup section */
		A5CFEE762004563100FFDFE4 /* Main.storyboard */ = {
			isa = PBXVariantGroup;
			children = (
				A5CFEE772004563100FFDFE4 /* Base */,
			);
			name = Main.storyboard;
			sourceTree = "<group>";
		};
		A5CFEE7B2004563100FFDFE4 /* LaunchScreen.storyboard */ = {
			isa = PBXVariantGroup;
			children = (
				A5CFEE7C2004563100FFDFE4 /* Base */,
			);
			name = LaunchScreen.storyboard;
			sourceTree = "<group>";
		};
/* End PBXVariantGroup section */

/* Begin XCBuildConfiguration section */
		A5CFEE7F2004563100FFDFE4 /* Debug */ = {
			isa = XCBuildConfiguration;
			buildSettings = {
				ALWAYS_SEARCH_USER_PATHS = NO;
				CLANG_ANALYZER_NONNULL = YES;
				CLANG_ANALYZER_NUMBER_OBJECT_CONVERSION = YES_AGGRESSIVE;
				CLANG_CXX_LANGUAGE_STANDARD = "gnu++14";
				CLANG_CXX_LIBRARY = "libc++";
				CLANG_ENABLE_MODULES = YES;
				CLANG_ENABLE_OBJC_ARC = YES;
				CLANG_WARN_BLOCK_CAPTURE_AUTORELEASING = YES;
				CLANG_WARN_BOOL_CONVERSION = YES;
				CLANG_WARN_COMMA = YES;
				CLANG_WARN_CONSTANT_CONVERSION = YES;
				CLANG_WARN_DIRECT_OBJC_ISA_USAGE = YES_ERROR;
				CLANG_WARN_DOCUMENTATION_COMMENTS = YES;
				CLANG_WARN_EMPTY_BODY = YES;
				CLANG_WARN_ENUM_CONVERSION = YES;
				CLANG_WARN_INFINITE_RECURSION = YES;
				CLANG_WARN_INT_CONVERSION = YES;
				CLANG_WARN_NON_LITERAL_NULL_CONVERSION = YES;
				CLANG_WARN_OBJC_LITERAL_CONVERSION = YES;
				CLANG_WARN_OBJC_ROOT_CLASS = YES_ERROR;
				CLANG_WARN_RANGE_LOOP_ANALYSIS = YES;
				CLANG_WARN_STRICT_PROTOTYPES = YES;
				CLANG_WARN_SUSPICIOUS_MOVE = YES;
				CLANG_WARN_UNGUARDED_AVAILABILITY = YES_AGGRESSIVE;
				CLANG_WARN_UNREACHABLE_CODE = YES;
				CLANG_WARN__DUPLICATE_METHOD_MATCH = YES;
				CODE_SIGN_IDENTITY = "iPhone Developer";
				COPY_PHASE_STRIP = NO;
				DEBUG_INFORMATION_FORMAT = dwarf;
				ENABLE_STRICT_OBJC_MSGSEND = YES;
				ENABLE_TESTABILITY = YES;
				GCC_C_LANGUAGE_STANDARD = gnu11;
				GCC_DYNAMIC_NO_PIC = NO;
				GCC_NO_COMMON_BLOCKS = YES;
				GCC_OPTIMIZATION_LEVEL = 0;
				GCC_PREPROCESSOR_DEFINITIONS = (
					"DEBUG=1",
					"$(inherited)",
				);
				GCC_WARN_64_TO_32_BIT_CONVERSION = YES;
				GCC_WARN_ABOUT_RETURN_TYPE = YES_ERROR;
				GCC_WARN_UNDECLARED_SELECTOR = YES;
				GCC_WARN_UNINITIALIZED_AUTOS = YES_AGGRESSIVE;
				GCC_WARN_UNUSED_FUNCTION = YES;
				GCC_WARN_UNUSED_VARIABLE = YES;
				IPHONEOS_DEPLOYMENT_TARGET = 11.2;
				MTL_ENABLE_DEBUG_INFO = YES;
				ONLY_ACTIVE_ARCH = YES;
				SDKROOT = iphoneos;
				SWIFT_ACTIVE_COMPILATION_CONDITIONS = DEBUG;
				SWIFT_OPTIMIZATION_LEVEL = "-Onone";
			};
			name = Debug;
		};
		A5CFEE802004563100FFDFE4 /* Release */ = {
			isa = XCBuildConfiguration;
			buildSettings = {
				ALWAYS_SEARCH_USER_PATHS = NO;
				CLANG_ANALYZER_NONNULL = YES;
				CLANG_ANALYZER_NUMBER_OBJECT_CONVERSION = YES_AGGRESSIVE;
				CLANG_CXX_LANGUAGE_STANDARD = "gnu++14";
				CLANG_CXX_LIBRARY = "libc++";
				CLANG_ENABLE_MODULES = YES;
				CLANG_ENABLE_OBJC_ARC = YES;
				CLANG_WARN_BLOCK_CAPTURE_AUTORELEASING = YES;
				CLANG_WARN_BOOL_CONVERSION = YES;
				CLANG_WARN_COMMA = YES;
				CLANG_WARN_CONSTANT_CONVERSION = YES;
				CLANG_WARN_DIRECT_OBJC_ISA_USAGE = YES_ERROR;
				CLANG_WARN_DOCUMENTATION_COMMENTS = YES;
				CLANG_WARN_EMPTY_BODY = YES;
				CLANG_WARN_ENUM_CONVERSION = YES;
				CLANG_WARN_INFINITE_RECURSION = YES;
				CLANG_WARN_INT_CONVERSION = YES;
				CLANG_WARN_NON_LITERAL_NULL_CONVERSION = YES;
				CLANG_WARN_OBJC_LITERAL_CONVERSION = YES;
				CLANG_WARN_OBJC_ROOT_CLASS = YES_ERROR;
				CLANG_WARN_RANGE_LOOP_ANALYSIS = YES;
				CLANG_WARN_STRICT_PROTOTYPES = YES;
				CLANG_WARN_SUSPICIOUS_MOVE = YES;
				CLANG_WARN_UNGUARDED_AVAILABILITY = YES_AGGRESSIVE;
				CLANG_WARN_UNREACHABLE_CODE = YES;
				CLANG_WARN__DUPLICATE_METHOD_MATCH = YES;
				CODE_SIGN_IDENTITY = "iPhone Developer";
				COPY_PHASE_STRIP = NO;
				DEBUG_INFORMATION_FORMAT = "dwarf-with-dsym";
				ENABLE_NS_ASSERTIONS = NO;
				ENABLE_STRICT_OBJC_MSGSEND = YES;
				GCC_C_LANGUAGE_STANDARD = gnu11;
				GCC_NO_COMMON_BLOCKS = YES;
				GCC_WARN_64_TO_32_BIT_CONVERSION = YES;
				GCC_WARN_ABOUT_RETURN_TYPE = YES_ERROR;
				GCC_WARN_UNDECLARED_SELECTOR = YES;
				GCC_WARN_UNINITIALIZED_AUTOS = YES_AGGRESSIVE;
				GCC_WARN_UNUSED_FUNCTION = YES;
				GCC_WARN_UNUSED_VARIABLE = YES;
				IPHONEOS_DEPLOYMENT_TARGET = 11.2;
				MTL_ENABLE_DEBUG_INFO = NO;
				SDKROOT = iphoneos;
				SWIFT_OPTIMIZATION_LEVEL = "-Owholemodule";
				VALIDATE_PRODUCT = YES;
			};
			name = Release;
		};
		A5CFEE822004563100FFDFE4 /* Debug */ = {
			isa = XCBuildConfiguration;
			buildSettings = {
				ASSETCATALOG_COMPILER_APPICON_NAME = AppIcon;
				CODE_SIGN_STYLE = Automatic;
				INFOPLIST_FILE = "Project 4 - Easy Web HW/Info.plist";
				LD_RUNPATH_SEARCH_PATHS = "$(inherited) @executable_path/Frameworks";
				PRODUCT_BUNDLE_IDENTIFIER = "SP13.Project-4---Easy-Web-HW";
				PRODUCT_NAME = "$(TARGET_NAME)";
				SWIFT_VERSION = 4.0;
				TARGETED_DEVICE_FAMILY = "1,2";
			};
			name = Debug;
		};
		A5CFEE832004563100FFDFE4 /* Release */ = {
			isa = XCBuildConfiguration;
			buildSettings = {
				ASSETCATALOG_COMPILER_APPICON_NAME = AppIcon;
				CODE_SIGN_STYLE = Automatic;
				INFOPLIST_FILE = "Project 4 - Easy Web HW/Info.plist";
				LD_RUNPATH_SEARCH_PATHS = "$(inherited) @executable_path/Frameworks";
				PRODUCT_BUNDLE_IDENTIFIER = "SP13.Project-4---Easy-Web-HW";
				PRODUCT_NAME = "$(TARGET_NAME)";
				SWIFT_VERSION = 4.0;
				TARGETED_DEVICE_FAMILY = "1,2";
			};
			name = Release;
		};
/* End XCBuildConfiguration section */

/* Begin XCConfigurationList section */
		A5CFEE6A2004563000FFDFE4 /* Build configuration list for PBXProject "Project 4 - Easy Web HW" */ = {
			isa = XCConfigurationList;
			buildConfigurations = (
				A5CFEE7F2004563100FFDFE4 /* Debug */,
				A5CFEE802004563100FFDFE4 /* Release */,
			);
			defaultConfigurationIsVisible = 0;
			defaultConfigurationName = Release;
		};
		A5CFEE812004563100FFDFE4 /* Build configuration list for PBXNativeTarget "Project 4 - Easy Web HW" */ = {
			isa = XCConfigurationList;
			buildConfigurations = (
				A5CFEE822004563100FFDFE4 /* Debug */,
				A5CFEE832004563100FFDFE4 /* Release */,
			);
			defaultConfigurationIsVisible = 0;
			defaultConfigurationName = Release;
		};
/* End XCConfigurationList section */
	};
	rootObject = A5CFEE672004563000FFDFE4 /* Project object */;
}
