// !$*UTF8*$!
{
	archiveVersion = 1;
	classes = {
	};
	objectVersion = 48;
	objects = {

/* Begin PBXBuildFile section */
		A558097E201F9672002E69CD /* AppDelegate.swift in Sources */ = {isa = PBXBuildFile; fileRef = A558097D201F9672002E69CD /* AppDelegate.swift */; };
		A5580980201F9672002E69CD /* ViewController.swift in Sources */ = {isa = PBXBuildFile; fileRef = A558097F201F9672002E69CD /* ViewController.swift */; };
		A5580983201F9672002E69CD /* Main.storyboard in Resources */ = {isa = PBXBuildFile; fileRef = A5580981201F9672002E69CD /* Main.storyboard */; };
		A5580985201F9672002E69CD /* Assets.xcassets in Resources */ = {isa = PBXBuildFile; fileRef = A5580984201F9672002E69CD /* Assets.xcassets */; };
		A5580988201F9672002E69CD /* LaunchScreen.storyboard in Resources */ = {isa = PBXBuildFile; fileRef = A5580986201F9672002E69CD /* LaunchScreen.storyboard */; };
		A5580990201F99E7002E69CD /* SwiftyJSON.swift in Sources */ = {isa = PBXBuildFile; fileRef = A558098F201F99E7002E69CD /* SwiftyJSON.swift */; };
		A5580992201F9E0F002E69CD /* DetailViewController.swift in Sources */ = {isa = PBXBuildFile; fileRef = A5580991201F9E0F002E69CD /* DetailViewController.swift */; };
/* End PBXBuildFile section */

/* Begin PBXFileReference section */
		A558097A201F9672002E69CD /* Project 7 - JSON Database.app */ = {isa = PBXFileReference; explicitFileType = wrapper.application; includeInIndex = 0; path = "Project 7 - JSON Database.app"; sourceTree = BUILT_PRODUCTS_DIR; };
		A558097D201F9672002E69CD /* AppDelegate.swift */ = {isa = PBXFileReference; lastKnownFileType = sourcecode.swift; path = AppDelegate.swift; sourceTree = "<group>"; };
		A558097F201F9672002E69CD /* ViewController.swift */ = {isa = PBXFileReference; lastKnownFileType = sourcecode.swift; path = ViewController.swift; sourceTree = "<group>"; };
		A5580982201F9672002E69CD /* Base */ = {isa = PBXFileReference; lastKnownFileType = file.storyboard; name = Base; path = Base.lproj/Main.storyboard; sourceTree = "<group>"; };
		A5580984201F9672002E69CD /* Assets.xcassets */ = {isa = PBXFileReference; lastKnownFileType = folder.assetcatalog; path = Assets.xcassets; sourceTree = "<group>"; };
		A5580987201F9672002E69CD /* Base */ = {isa = PBXFileReference; lastKnownFileType = file.storyboard; name = Base; path = Base.lproj/LaunchScreen.storyboard; sourceTree = "<group>"; };
		A5580989201F9672002E69CD /* Info.plist */ = {isa = PBXFileReference; lastKnownFileType = text.plist.xml; path = Info.plist; sourceTree = "<group>"; };
		A558098F201F99E7002E69CD /* SwiftyJSON.swift */ = {isa = PBXFileReference; fileEncoding = 4; lastKnownFileType = sourcecode.swift; path = SwiftyJSON.swift; sourceTree = "<group>"; };
		A5580991201F9E0F002E69CD /* DetailViewController.swift */ = {isa = PBXFileReference; lastKnownFileType = sourcecode.swift; path = DetailViewController.swift; sourceTree = "<group>"; };
/* End PBXFileReference section */

/* Begin PBXFrameworksBuildPhase section */
		A5580977201F9672002E69CD /* Frameworks */ = {
			isa = PBXFrameworksBuildPhase;
			buildActionMask = 2147483647;
			files = (
			);
			runOnlyForDeploymentPostprocessing = 0;
		};
/* End PBXFrameworksBuildPhase section */

/* Begin PBXGroup section */
		A5580971201F9672002E69CD = {
			isa = PBXGroup;
			children = (
				A558097C201F9672002E69CD /* Project 7 - JSON Database */,
				A558097B201F9672002E69CD /* Products */,
			);
			sourceTree = "<group>";
		};
		A558097B201F9672002E69CD /* Products */ = {
			isa = PBXGroup;
			children = (
				A558097A201F9672002E69CD /* Project 7 - JSON Database.app */,
			);
			name = Products;
			sourceTree = "<group>";
		};
		A558097C201F9672002E69CD /* Project 7 - JSON Database */ = {
			isa = PBXGroup;
			children = (
				A558097D201F9672002E69CD /* AppDelegate.swift */,
				A558097F201F9672002E69CD /* ViewController.swift */,
				A5580991201F9E0F002E69CD /* DetailViewController.swift */,
				A5580981201F9672002E69CD /* Main.storyboard */,
				A5580984201F9672002E69CD /* Assets.xcassets */,
				A5580986201F9672002E69CD /* LaunchScreen.storyboard */,
				A5580989201F9672002E69CD /* Info.plist */,
				A558098F201F99E7002E69CD /* SwiftyJSON.swift */,
			);
			path = "Project 7 - JSON Database";
			sourceTree = "<group>";
		};
/* End PBXGroup section */

/* Begin PBXNativeTarget section */
		A5580979201F9672002E69CD /* Project 7 - JSON Database */ = {
			isa = PBXNativeTarget;
			buildConfigurationList = A558098C201F9672002E69CD /* Build configuration list for PBXNativeTarget "Project 7 - JSON Database" */;
			buildPhases = (
				A5580976201F9672002E69CD /* Sources */,
				A5580977201F9672002E69CD /* Frameworks */,
				A5580978201F9672002E69CD /* Resources */,
			);
			buildRules = (
			);
			dependencies = (
			);
			name = "Project 7 - JSON Database";
			productName = "Project 7 - JSON Database";
			productReference = A558097A201F9672002E69CD /* Project 7 - JSON Database.app */;
			productType = "com.apple.product-type.application";
		};
/* End PBXNativeTarget section */

/* Begin PBXProject section */
		A5580972201F9672002E69CD /* Project object */ = {
			isa = PBXProject;
			attributes = {
				LastSwiftUpdateCheck = 0920;
				LastUpgradeCheck = 0920;
				ORGANIZATIONNAME = "Sammy Eang";
				TargetAttributes = {
					A5580979201F9672002E69CD = {
						CreatedOnToolsVersion = 9.2;
						ProvisioningStyle = Automatic;
					};
				};
			};
			buildConfigurationList = A5580975201F9672002E69CD /* Build configuration list for PBXProject "Project 7 - JSON Database" */;
			compatibilityVersion = "Xcode 8.0";
			developmentRegion = en;
			hasScannedForEncodings = 0;
			knownRegions = (
				en,
				Base,
			);
			mainGroup = A5580971201F9672002E69CD;
			productRefGroup = A558097B201F9672002E69CD /* Products */;
			projectDirPath = "";
			projectRoot = "";
			targets = (
				A5580979201F9672002E69CD /* Project 7 - JSON Database */,
			);
		};
/* End PBXProject section */

/* Begin PBXResourcesBuildPhase section */
		A5580978201F9672002E69CD /* Resources */ = {
			isa = PBXResourcesBuildPhase;
			buildActionMask = 2147483647;
			files = (
				A5580988201F9672002E69CD /* LaunchScreen.storyboard in Resources */,
				A5580985201F9672002E69CD /* Assets.xcassets in Resources */,
				A5580983201F9672002E69CD /* Main.storyboard in Resources */,
			);
			runOnlyForDeploymentPostprocessing = 0;
		};
/* End PBXResourcesBuildPhase section */

/* Begin PBXSourcesBuildPhase section */
		A5580976201F9672002E69CD /* Sources */ = {
			isa = PBXSourcesBuildPhase;
			buildActionMask = 2147483647;
			files = (
				A5580990201F99E7002E69CD /* SwiftyJSON.swift in Sources */,
				A5580980201F9672002E69CD /* ViewController.swift in Sources */,
				A558097E201F9672002E69CD /* AppDelegate.swift in Sources */,
				A5580992201F9E0F002E69CD /* DetailViewController.swift in Sources */,
			);
			runOnlyForDeploymentPostprocessing = 0;
		};
/* End PBXSourcesBuildPhase section */

/* Begin PBXVariantGroup section */
		A5580981201F9672002E69CD /* Main.storyboard */ = {
			isa = PBXVariantGroup;
			children = (
				A5580982201F9672002E69CD /* Base */,
			);
			name = Main.storyboard;
			sourceTree = "<group>";
		};
		A5580986201F9672002E69CD /* LaunchScreen.storyboard */ = {
			isa = PBXVariantGroup;
			children = (
				A5580987201F9672002E69CD /* Base */,
			);
			name = LaunchScreen.storyboard;
			sourceTree = "<group>";
		};
/* End PBXVariantGroup section */

/* Begin XCBuildConfiguration section */
		A558098A201F9672002E69CD /* Debug */ = {
			isa = XCBuildConfiguration;
			buildSettings = {
				ALWAYS_SEARCH_USER_PATHS = NO;
				CLANG_ANALYZER_NONNULL = YES;
				CLANG_ANALYZER_NUMBER_OBJECT_CONVERSION = YES_AGGRESSIVE;
				CLANG_CXX_LANGUAGE_STANDARD = "gnu++14";
				CLANG_CXX_LIBRARY = "libc++";
				CLANG_ENABLE_MODULES = YES;
				CLANG_ENABLE_OBJC_ARC = YES;
				CLANG_WARN_BLOCK_CAPTURE_AUTORELEASING = YES;
				CLANG_WARN_BOOL_CONVERSION = YES;
				CLANG_WARN_COMMA = YES;
				CLANG_WARN_CONSTANT_CONVERSION = YES;
				CLANG_WARN_DIRECT_OBJC_ISA_USAGE = YES_ERROR;
				CLANG_WARN_DOCUMENTATION_COMMENTS = YES;
				CLANG_WARN_EMPTY_BODY = YES;
				CLANG_WARN_ENUM_CONVERSION = YES;
				CLANG_WARN_INFINITE_RECURSION = YES;
				CLANG_WARN_INT_CONVERSION = YES;
				CLANG_WARN_NON_LITERAL_NULL_CONVERSION = YES;
				CLANG_WARN_OBJC_LITERAL_CONVERSION = YES;
				CLANG_WARN_OBJC_ROOT_CLASS = YES_ERROR;
				CLANG_WARN_RANGE_LOOP_ANALYSIS = YES;
				CLANG_WARN_STRICT_PROTOTYPES = YES;
				CLANG_WARN_SUSPICIOUS_MOVE = YES;
				CLANG_WARN_UNGUARDED_AVAILABILITY = YES_AGGRESSIVE;
				CLANG_WARN_UNREACHABLE_CODE = YES;
				CLANG_WARN__DUPLICATE_METHOD_MATCH = YES;
				CODE_SIGN_IDENTITY = "iPhone Developer";
				COPY_PHASE_STRIP = NO;
				DEBUG_INFORMATION_FORMAT = dwarf;
				ENABLE_STRICT_OBJC_MSGSEND = YES;
				ENABLE_TESTABILITY = YES;
				GCC_C_LANGUAGE_STANDARD = gnu11;
				GCC_DYNAMIC_NO_PIC = NO;
				GCC_NO_COMMON_BLOCKS = YES;
				GCC_OPTIMIZATION_LEVEL = 0;
				GCC_PREPROCESSOR_DEFINITIONS = (
					"DEBUG=1",
					"$(inherited)",
				);
				GCC_WARN_64_TO_32_BIT_CONVERSION = YES;
				GCC_WARN_ABOUT_RETURN_TYPE = YES_ERROR;
				GCC_WARN_UNDECLARED_SELECTOR = YES;
				GCC_WARN_UNINITIALIZED_AUTOS = YES_AGGRESSIVE;
				GCC_WARN_UNUSED_FUNCTION = YES;
				GCC_WARN_UNUSED_VARIABLE = YES;
				IPHONEOS_DEPLOYMENT_TARGET = 11.2;
				MTL_ENABLE_DEBUG_INFO = YES;
				ONLY_ACTIVE_ARCH = YES;
				SDKROOT = iphoneos;
				SWIFT_ACTIVE_COMPILATION_CONDITIONS = DEBUG;
				SWIFT_OPTIMIZATION_LEVEL = "-Onone";
			};
			name = Debug;
		};
		A558098B201F9672002E69CD /* Release */ = {
			isa = XCBuildConfiguration;
			buildSettings = {
				ALWAYS_SEARCH_USER_PATHS = NO;
				CLANG_ANALYZER_NONNULL = YES;
				CLANG_ANALYZER_NUMBER_OBJECT_CONVERSION = YES_AGGRESSIVE;
				CLANG_CXX_LANGUAGE_STANDARD = "gnu++14";
				CLANG_CXX_LIBRARY = "libc++";
				CLANG_ENABLE_MODULES = YES;
				CLANG_ENABLE_OBJC_ARC = YES;
				CLANG_WARN_BLOCK_CAPTURE_AUTORELEASING = YES;
				CLANG_WARN_BOOL_CONVERSION = YES;
				CLANG_WARN_COMMA = YES;
				CLANG_WARN_CONSTANT_CONVERSION = YES;
				CLANG_WARN_DIRECT_OBJC_ISA_USAGE = YES_ERROR;
				CLANG_WARN_DOCUMENTATION_COMMENTS = YES;
				CLANG_WARN_EMPTY_BODY = YES;
				CLANG_WARN_ENUM_CONVERSION = YES;
				CLANG_WARN_INFINITE_RECURSION = YES;
				CLANG_WARN_INT_CONVERSION = YES;
				CLANG_WARN_NON_LITERAL_NULL_CONVERSION = YES;
				CLANG_WARN_OBJC_LITERAL_CONVERSION = YES;
				CLANG_WARN_OBJC_ROOT_CLASS = YES_ERROR;
				CLANG_WARN_RANGE_LOOP_ANALYSIS = YES;
				CLANG_WARN_STRICT_PROTOTYPES = YES;
				CLANG_WARN_SUSPICIOUS_MOVE = YES;
				CLANG_WARN_UNGUARDED_AVAILABILITY = YES_AGGRESSIVE;
				CLANG_WARN_UNREACHABLE_CODE = YES;
				CLANG_WARN__DUPLICATE_METHOD_MATCH = YES;
				CODE_SIGN_IDENTITY = "iPhone Developer";
				COPY_PHASE_STRIP = NO;
				DEBUG_INFORMATION_FORMAT = "dwarf-with-dsym";
				ENABLE_NS_ASSERTIONS = NO;
				ENABLE_STRICT_OBJC_MSGSEND = YES;
				GCC_C_LANGUAGE_STANDARD = gnu11;
				GCC_NO_COMMON_BLOCKS = YES;
				GCC_WARN_64_TO_32_BIT_CONVERSION = YES;
				GCC_WARN_ABOUT_RETURN_TYPE = YES_ERROR;
				GCC_WARN_UNDECLARED_SELECTOR = YES;
				GCC_WARN_UNINITIALIZED_AUTOS = YES_AGGRESSIVE;
				GCC_WARN_UNUSED_FUNCTION = YES;
				GCC_WARN_UNUSED_VARIABLE = YES;
				IPHONEOS_DEPLOYMENT_TARGET = 11.2;
				MTL_ENABLE_DEBUG_INFO = NO;
				SDKROOT = iphoneos;
				SWIFT_OPTIMIZATION_LEVEL = "-Owholemodule";
				VALIDATE_PRODUCT = YES;
			};
			name = Release;
		};
		A558098D201F9672002E69CD /* Debug */ = {
			isa = XCBuildConfiguration;
			buildSettings = {
				ASSETCATALOG_COMPILER_APPICON_NAME = AppIcon;
				CODE_SIGN_STYLE = Automatic;
				INFOPLIST_FILE = "Project 7 - JSON Database/Info.plist";
				LD_RUNPATH_SEARCH_PATHS = "$(inherited) @executable_path/Frameworks";
				PRODUCT_BUNDLE_IDENTIFIER = "SP13.Project-7---JSON-Database";
				PRODUCT_NAME = "$(TARGET_NAME)";
				SWIFT_VERSION = 4.0;
				TARGETED_DEVICE_FAMILY = "1,2";
			};
			name = Debug;
		};
		A558098E201F9672002E69CD /* Release */ = {
			isa = XCBuildConfiguration;
			buildSettings = {
				ASSETCATALOG_COMPILER_APPICON_NAME = AppIcon;
				CODE_SIGN_STYLE = Automatic;
				INFOPLIST_FILE = "Project 7 - JSON Database/Info.plist";
				LD_RUNPATH_SEARCH_PATHS = "$(inherited) @executable_path/Frameworks";
				PRODUCT_BUNDLE_IDENTIFIER = "SP13.Project-7---JSON-Database";
				PRODUCT_NAME = "$(TARGET_NAME)";
				SWIFT_VERSION = 4.0;
				TARGETED_DEVICE_FAMILY = "1,2";
			};
			name = Release;
		};
/* End XCBuildConfiguration section */

/* Begin XCConfigurationList section */
		A5580975201F9672002E69CD /* Build configuration list for PBXProject "Project 7 - JSON Database" */ = {
			isa = XCConfigurationList;
			buildConfigurations = (
				A558098A201F9672002E69CD /* Debug */,
				A558098B201F9672002E69CD /* Release */,
			);
			defaultConfigurationIsVisible = 0;
			defaultConfigurationName = Release;
		};
		A558098C201F9672002E69CD /* Build configuration list for PBXNativeTarget "Project 7 - JSON Database" */ = {
			isa = XCConfigurationList;
			buildConfigurations = (
				A558098D201F9672002E69CD /* Debug */,
				A558098E201F9672002E69CD /* Release */,
			);
			defaultConfigurationIsVisible = 0;
			defaultConfigurationName = Release;
		};
/* End XCConfigurationList section */
	};
	rootObject = A5580972201F9672002E69CD /* Project object */;
}
